// !$*UTF8*$!
{
	archiveVersion = 1;
	classes = {
	};
	objectVersion = 50;
	objects = {

/* Begin PBXBuildFile section */
		F4C85F612108257F00570192 /* AppDelegate.swift in Sources */ = {isa = PBXBuildFile; fileRef = F4C85F602108257F00570192 /* AppDelegate.swift */; };
		F4C85F632108257F00570192 /* ViewController.swift in Sources */ = {isa = PBXBuildFile; fileRef = F4C85F622108257F00570192 /* ViewController.swift */; };
		F4C85F662108257F00570192 /* Main.storyboard in Resources */ = {isa = PBXBuildFile; fileRef = F4C85F642108257F00570192 /* Main.storyboard */; };
		F4C85F682108258000570192 /* Assets.xcassets in Resources */ = {isa = PBXBuildFile; fileRef = F4C85F672108258000570192 /* Assets.xcassets */; };
		F4C85F6B2108258000570192 /* LaunchScreen.storyboard in Resources */ = {isa = PBXBuildFile; fileRef = F4C85F692108258000570192 /* LaunchScreen.storyboard */; };
		F4C85F7A2108260100570192 /* SmallDemoView.xib in Resources */ = {isa = PBXBuildFile; fileRef = F4C85F772108260000570192 /* SmallDemoView.xib */; };
		F4C85F7C2108260100570192 /* SmallDemoView.swift in Sources */ = {isa = PBXBuildFile; fileRef = F4C85F792108260100570192 /* SmallDemoView.swift */; };
		F4C85F7E2108261F00570192 /* DemoView.swift in Sources */ = {isa = PBXBuildFile; fileRef = F4C85F7D2108261F00570192 /* DemoView.swift */; };
		F4C85F82210826F200570192 /* XYXSkimViewCell.swift in Sources */ = {isa = PBXBuildFile; fileRef = F4C85F80210826F200570192 /* XYXSkimViewCell.swift */; };
		F4C85F83210826F200570192 /* XYXSkimView.swift in Sources */ = {isa = PBXBuildFile; fileRef = F4C85F81210826F200570192 /* XYXSkimView.swift */; };
/* End PBXBuildFile section */

/* Begin PBXFileReference section */
		F4C85F5D2108257F00570192 /* ReusableScrollViewDemo.app */ = {isa = PBXFileReference; explicitFileType = wrapper.application; includeInIndex = 0; path = ReusableScrollViewDemo.app; sourceTree = BUILT_PRODUCTS_DIR; };
		F4C85F602108257F00570192 /* AppDelegate.swift */ = {isa = PBXFileReference; lastKnownFileType = sourcecode.swift; path = AppDelegate.swift; sourceTree = "<group>"; };
		F4C85F622108257F00570192 /* ViewController.swift */ = {isa = PBXFileReference; lastKnownFileType = sourcecode.swift; path = ViewController.swift; sourceTree = "<group>"; };
		F4C85F652108257F00570192 /* Base */ = {isa = PBXFileReference; lastKnownFileType = file.storyboard; name = Base; path = Base.lproj/Main.storyboard; sourceTree = "<group>"; };
		F4C85F672108258000570192 /* Assets.xcassets */ = {isa = PBXFileReference; lastKnownFileType = folder.assetcatalog; path = Assets.xcassets; sourceTree = "<group>"; };
		F4C85F6A2108258000570192 /* Base */ = {isa = PBXFileReference; lastKnownFileType = file.storyboard; name = Base; path = Base.lproj/LaunchScreen.storyboard; sourceTree = "<group>"; };
		F4C85F6C2108258000570192 /* Info.plist */ = {isa = PBXFileReference; lastKnownFileType = text.plist.xml; path = Info.plist; sourceTree = "<group>"; };
		F4C85F772108260000570192 /* SmallDemoView.xib */ = {isa = PBXFileReference; fileEncoding = 4; lastKnownFileType = file.xib; path = SmallDemoView.xib; sourceTree = "<group>"; };
		F4C85F792108260100570192 /* SmallDemoView.swift */ = {isa = PBXFileReference; fileEncoding = 4; lastKnownFileType = sourcecode.swift; path = SmallDemoView.swift; sourceTree = "<group>"; };
		F4C85F7D2108261F00570192 /* DemoView.swift */ = {isa = PBXFileReference; fileEncoding = 4; lastKnownFileType = sourcecode.swift; path = DemoView.swift; sourceTree = "<group>"; };
		F4C85F80210826F200570192 /* XYXSkimViewCell.swift */ = {isa = PBXFileReference; fileEncoding = 4; lastKnownFileType = sourcecode.swift; path = XYXSkimViewCell.swift; sourceTree = "<group>"; };
		F4C85F81210826F200570192 /* XYXSkimView.swift */ = {isa = PBXFileReference; fileEncoding = 4; lastKnownFileType = sourcecode.swift; path = XYXSkimView.swift; sourceTree = "<group>"; };
/* End PBXFileReference section */

/* Begin PBXFrameworksBuildPhase section */
		F4C85F5A2108257F00570192 /* Frameworks */ = {
			isa = PBXFrameworksBuildPhase;
			buildActionMask = 2147483647;
			files = (
			);
			runOnlyForDeploymentPostprocessing = 0;
		};
/* End PBXFrameworksBuildPhase section */

/* Begin PBXGroup section */
		F4C85F542108257F00570192 = {
			isa = PBXGroup;
			children = (
				F4C85F7F210826F200570192 /* XYXSkimView */,
				F4C85F5F2108257F00570192 /* ReusableScrollViewDemo */,
				F4C85F5E2108257F00570192 /* Products */,
			);
			sourceTree = "<group>";
		};
		F4C85F5E2108257F00570192 /* Products */ = {
			isa = PBXGroup;
			children = (
				F4C85F5D2108257F00570192 /* ReusableScrollViewDemo.app */,
			);
			name = Products;
			sourceTree = "<group>";
		};
		F4C85F5F2108257F00570192 /* ReusableScrollViewDemo */ = {
			isa = PBXGroup;
			children = (
				F4C85F602108257F00570192 /* AppDelegate.swift */,
				F4C85F622108257F00570192 /* ViewController.swift */,
				F4C85F7D2108261F00570192 /* DemoView.swift */,
				F4C85F792108260100570192 /* SmallDemoView.swift */,
				F4C85F772108260000570192 /* SmallDemoView.xib */,
				F4C85F642108257F00570192 /* Main.storyboard */,
				F4C85F672108258000570192 /* Assets.xcassets */,
				F4C85F692108258000570192 /* LaunchScreen.storyboard */,
				F4C85F6C2108258000570192 /* Info.plist */,
			);
			path = ReusableScrollViewDemo;
			sourceTree = "<group>";
		};
		F4C85F7F210826F200570192 /* XYXSkimView */ = {
			isa = PBXGroup;
			children = (
				F4C85F80210826F200570192 /* XYXSkimViewCell.swift */,
				F4C85F81210826F200570192 /* XYXSkimView.swift */,
			);
			name = XYXSkimView;
			path = ../XYXSkimView;
			sourceTree = "<group>";
		};
/* End PBXGroup section */

/* Begin PBXNativeTarget section */
		F4C85F5C2108257F00570192 /* ReusableScrollViewDemo */ = {
			isa = PBXNativeTarget;
			buildConfigurationList = F4C85F6F2108258000570192 /* Build configuration list for PBXNativeTarget "ReusableScrollViewDemo" */;
			buildPhases = (
				F4C85F592108257F00570192 /* Sources */,
				F4C85F5A2108257F00570192 /* Frameworks */,
				F4C85F5B2108257F00570192 /* Resources */,
			);
			buildRules = (
			);
			dependencies = (
			);
			name = ReusableScrollViewDemo;
			productName = ReusableScrollViewDemo;
			productReference = F4C85F5D2108257F00570192 /* ReusableScrollViewDemo.app */;
			productType = "com.apple.product-type.application";
		};
/* End PBXNativeTarget section */

/* Begin PBXProject section */
		F4C85F552108257F00570192 /* Project object */ = {
			isa = PBXProject;
			attributes = {
				LastSwiftUpdateCheck = 0940;
				LastUpgradeCheck = 0940;
				ORGANIZATIONNAME = Teresa;
				TargetAttributes = {
					F4C85F5C2108257F00570192 = {
						CreatedOnToolsVersion = 9.4;
					};
				};
			};
			buildConfigurationList = F4C85F582108257F00570192 /* Build configuration list for PBXProject "ReusableScrollViewDemo" */;
			compatibilityVersion = "Xcode 9.3";
			developmentRegion = en;
			hasScannedForEncodings = 0;
			knownRegions = (
				en,
				Base,
			);
			mainGroup = F4C85F542108257F00570192;
			productRefGroup = F4C85F5E2108257F00570192 /* Products */;
			projectDirPath = "";
			projectRoot = "";
			targets = (
				F4C85F5C2108257F00570192 /* ReusableScrollViewDemo */,
			);
		};
/* End PBXProject section */

/* Begin PBXResourcesBuildPhase section */
		F4C85F5B2108257F00570192 /* Resources */ = {
			isa = PBXResourcesBuildPhase;
			buildActionMask = 2147483647;
			files = (
				F4C85F6B2108258000570192 /* LaunchScreen.storyboard in Resources */,
				F4C85F682108258000570192 /* Assets.xcassets in Resources */,
				F4C85F662108257F00570192 /* Main.storyboard in Resources */,
				F4C85F7A2108260100570192 /* SmallDemoView.xib in Resources */,
			);
			runOnlyForDeploymentPostprocessing = 0;
		};
/* End PBXResourcesBuildPhase section */

/* Begin PBXSourcesBuildPhase section */
		F4C85F592108257F00570192 /* Sources */ = {
			isa = PBXSourcesBuildPhase;
			buildActionMask = 2147483647;
			files = (
				F4C85F83210826F200570192 /* XYXSkimView.swift in Sources */,
				F4C85F7E2108261F00570192 /* DemoView.swift in Sources */,
				F4C85F82210826F200570192 /* XYXSkimViewCell.swift in Sources */,
				F4C85F7C2108260100570192 /* SmallDemoView.swift in Sources */,
				F4C85F632108257F00570192 /* ViewController.swift in Sources */,
				F4C85F612108257F00570192 /* AppDelegate.swift in Sources */,
			);
			runOnlyForDeploymentPostprocessing = 0;
		};
/* End PBXSourcesBuildPhase section */

/* Begin PBXVariantGroup section */
		F4C85F642108257F00570192 /* Main.storyboard */ = {
			isa = PBXVariantGroup;
			children = (
				F4C85F652108257F00570192 /* Base */,
			);
			name = Main.storyboard;
			sourceTree = "<group>";
		};
		F4C85F692108258000570192 /* LaunchScreen.storyboard */ = {
			isa = PBXVariantGroup;
			children = (
				F4C85F6A2108258000570192 /* Base */,
			);
			name = LaunchScreen.storyboard;
			sourceTree = "<group>";
		};
/* End PBXVariantGroup section */

/* Begin XCBuildConfiguration section */
		F4C85F6D2108258000570192 /* Debug */ = {
			isa = XCBuildConfiguration;
			buildSettings = {
				ALWAYS_SEARCH_USER_PATHS = NO;
				CLANG_ANALYZER_NONNULL = YES;
				CLANG_ANALYZER_NUMBER_OBJECT_CONVERSION = YES_AGGRESSIVE;
				CLANG_CXX_LANGUAGE_STANDARD = "gnu++14";
				CLANG_CXX_LIBRARY = "libc++";
				CLANG_ENABLE_MODULES = YES;
				CLANG_ENABLE_OBJC_ARC = YES;
				CLANG_ENABLE_OBJC_WEAK = YES;
				CLANG_WARN_BLOCK_CAPTURE_AUTORELEASING = YES;
				CLANG_WARN_BOOL_CONVERSION = YES;
				CLANG_WARN_COMMA = YES;
				CLANG_WARN_CONSTANT_CONVERSION = YES;
				CLANG_WARN_DEPRECATED_OBJC_IMPLEMENTATIONS = YES;
				CLANG_WARN_DIRECT_OBJC_ISA_USAGE = YES_ERROR;
				CLANG_WARN_DOCUMENTATION_COMMENTS = YES;
				CLANG_WARN_EMPTY_BODY = YES;
				CLANG_WARN_ENUM_CONVERSION = YES;
				CLANG_WARN_INFINITE_RECURSION = YES;
				CLANG_WARN_INT_CONVERSION = YES;
				CLANG_WARN_NON_LITERAL_NULL_CONVERSION = YES;
				CLANG_WARN_OBJC_IMPLICIT_RETAIN_SELF = YES;
				CLANG_WARN_OBJC_LITERAL_CONVERSION = YES;
				CLANG_WARN_OBJC_ROOT_CLASS = YES_ERROR;
				CLANG_WARN_RANGE_LOOP_ANALYSIS = YES;
				CLANG_WARN_STRICT_PROTOTYPES = YES;
				CLANG_WARN_SUSPICIOUS_MOVE = YES;
				CLANG_WARN_UNGUARDED_AVAILABILITY = YES_AGGRESSIVE;
				CLANG_WARN_UNREACHABLE_CODE = YES;
				CLANG_WARN__DUPLICATE_METHOD_MATCH = YES;
				CODE_SIGN_IDENTITY = "iPhone Developer";
				COPY_PHASE_STRIP = NO;
				DEBUG_INFORMATION_FORMAT = dwarf;
				ENABLE_STRICT_OBJC_MSGSEND = YES;
				ENABLE_TESTABILITY = YES;
				GCC_C_LANGUAGE_STANDARD = gnu11;
				GCC_DYNAMIC_NO_PIC = NO;
				GCC_NO_COMMON_BLOCKS = YES;
				GCC_OPTIMIZATION_LEVEL = 0;
				GCC_PREPROCESSOR_DEFINITIONS = (
					"DEBUG=1",
					"$(inherited)",
				);
				GCC_WARN_64_TO_32_BIT_CONVERSION = YES;
				GCC_WARN_ABOUT_RETURN_TYPE = YES_ERROR;
				GCC_WARN_UNDECLARED_SELECTOR = YES;
				GCC_WARN_UNINITIALIZED_AUTOS = YES_AGGRESSIVE;
				GCC_WARN_UNUSED_FUNCTION = YES;
				GCC_WARN_UNUSED_VARIABLE = YES;
				IPHONEOS_DEPLOYMENT_TARGET = 11.4;
				MTL_ENABLE_DEBUG_INFO = YES;
				ONLY_ACTIVE_ARCH = YES;
				SDKROOT = iphoneos;
				SWIFT_ACTIVE_COMPILATION_CONDITIONS = DEBUG;
				SWIFT_OPTIMIZATION_LEVEL = "-Onone";
			};
			name = Debug;
		};
		F4C85F6E2108258000570192 /* Release */ = {
			isa = XCBuildConfiguration;
			buildSettings = {
				ALWAYS_SEARCH_USER_PATHS = NO;
				CLANG_ANALYZER_NONNULL = YES;
				CLANG_ANALYZER_NUMBER_OBJECT_CONVERSION = YES_AGGRESSIVE;
				CLANG_CXX_LANGUAGE_STANDARD = "gnu++14";
				CLANG_CXX_LIBRARY = "libc++";
				CLANG_ENABLE_MODULES = YES;
				CLANG_ENABLE_OBJC_ARC = YES;
				CLANG_ENABLE_OBJC_WEAK = YES;
				CLANG_WARN_BLOCK_CAPTURE_AUTORELEASING = YES;
				CLANG_WARN_BOOL_CONVERSION = YES;
				CLANG_WARN_COMMA = YES;
				CLANG_WARN_CONSTANT_CONVERSION = YES;
				CLANG_WARN_DEPRECATED_OBJC_IMPLEMENTATIONS = YES;
				CLANG_WARN_DIRECT_OBJC_ISA_USAGE = YES_ERROR;
				CLANG_WARN_DOCUMENTATION_COMMENTS = YES;
				CLANG_WARN_EMPTY_BODY = YES;
				CLANG_WARN_ENUM_CONVERSION = YES;
				CLANG_WARN_INFINITE_RECURSION = YES;
				CLANG_WARN_INT_CONVERSION = YES;
				CLANG_WARN_NON_LITERAL_NULL_CONVERSION = YES;
				CLANG_WARN_OBJC_IMPLICIT_RETAIN_SELF = YES;
				CLANG_WARN_OBJC_LITERAL_CONVERSION = YES;
				CLANG_WARN_OBJC_ROOT_CLASS = YES_ERROR;
				CLANG_WARN_RANGE_LOOP_ANALYSIS = YES;
				CLANG_WARN_STRICT_PROTOTYPES = YES;
				CLANG_WARN_SUSPICIOUS_MOVE = YES;
				CLANG_WARN_UNGUARDED_AVAILABILITY = YES_AGGRESSIVE;
				CLANG_WARN_UNREACHABLE_CODE = YES;
				CLANG_WARN__DUPLICATE_METHOD_MATCH = YES;
				CODE_SIGN_IDENTITY = "iPhone Developer";
				COPY_PHASE_STRIP = NO;
				DEBUG_INFORMATION_FORMAT = "dwarf-with-dsym";
				ENABLE_NS_ASSERTIONS = NO;
				ENABLE_STRICT_OBJC_MSGSEND = YES;
				GCC_C_LANGUAGE_STANDARD = gnu11;
				GCC_NO_COMMON_BLOCKS = YES;
				GCC_WARN_64_TO_32_BIT_CONVERSION = YES;
				GCC_WARN_ABOUT_RETURN_TYPE = YES_ERROR;
				GCC_WARN_UNDECLARED_SELECTOR = YES;
				GCC_WARN_UNINITIALIZED_AUTOS = YES_AGGRESSIVE;
				GCC_WARN_UNUSED_FUNCTION = YES;
				GCC_WARN_UNUSED_VARIABLE = YES;
				IPHONEOS_DEPLOYMENT_TARGET = 11.4;
				MTL_ENABLE_DEBUG_INFO = NO;
				SDKROOT = iphoneos;
				SWIFT_COMPILATION_MODE = wholemodule;
				SWIFT_OPTIMIZATION_LEVEL = "-O";
				VALIDATE_PRODUCT = YES;
			};
			name = Release;
		};
		F4C85F702108258000570192 /* Debug */ = {
			isa = XCBuildConfiguration;
			buildSettings = {
				ASSETCATALOG_COMPILER_APPICON_NAME = AppIcon;
				CODE_SIGN_STYLE = Automatic;
				INFOPLIST_FILE = ReusableScrollViewDemo/Info.plist;
				IPHONEOS_DEPLOYMENT_TARGET = 9.0;
				LD_RUNPATH_SEARCH_PATHS = (
					"$(inherited)",
					"@executable_path/Frameworks",
				);
				PRODUCT_BUNDLE_IDENTIFIER = Teresa.ReusableScrollViewDemo;
				PRODUCT_NAME = "$(TARGET_NAME)";
				SWIFT_VERSION = 4.0;
				TARGETED_DEVICE_FAMILY = "1,2";
			};
			name = Debug;
		};
		F4C85F712108258000570192 /* Release */ = {
			isa = XCBuildConfiguration;
			buildSettings = {
				ASSETCATALOG_COMPILER_APPICON_NAME = AppIcon;
				CODE_SIGN_STYLE = Automatic;
				INFOPLIST_FILE = ReusableScrollViewDemo/Info.plist;
				IPHONEOS_DEPLOYMENT_TARGET = 9.0;
				LD_RUNPATH_SEARCH_PATHS = (
					"$(inherited)",
					"@executable_path/Frameworks",
				);
				PRODUCT_BUNDLE_IDENTIFIER = Teresa.ReusableScrollViewDemo;
				PRODUCT_NAME = "$(TARGET_NAME)";
				SWIFT_VERSION = 4.0;
				TARGETED_DEVICE_FAMILY = "1,2";
			};
			name = Release;
		};
/* End XCBuildConfiguration section */

/* Begin XCConfigurationList section */
		F4C85F582108257F00570192 /* Build configuration list for PBXProject "ReusableScrollViewDemo" */ = {
			isa = XCConfigurationList;
			buildConfigurations = (
				F4C85F6D2108258000570192 /* Debug */,
				F4C85F6E2108258000570192 /* Release */,
			);
			defaultConfigurationIsVisible = 0;
			defaultConfigurationName = Release;
		};
		F4C85F6F2108258000570192 /* Build configuration list for PBXNativeTarget "ReusableScrollViewDemo" */ = {
			isa = XCConfigurationList;
			buildConfigurations = (
				F4C85F702108258000570192 /* Debug */,
				F4C85F712108258000570192 /* Release */,
			);
			defaultConfigurationIsVisible = 0;
			defaultConfigurationName = Release;
		};
/* End XCConfigurationList section */
	};
	rootObject = F4C85F552108257F00570192 /* Project object */;
}
